
Microsoft Visual Studio Solution File, Format Version 12.00
# Visual Studio 15
VisualStudioVersion = 15.0.28307.1209
MinimumVisualStudioVersion = 10.0.40219.1
Project("{8BC9CEB8-8B4A-11D0-8D11-00A0C91BC942}") = "Ch5_Lab1", "Ch5_Lab1\Ch5_Lab1.vcxproj", "{B6771429-A8DE-45BC-BCA1-0DAFB3D72C91}"
EndProject
Global
	GlobalSection(SolutionConfigurationPlatforms) = preSolution
		Debug|x64 = Debug|x64
		Debug|x86 = Debug|x86
		Release|x64 = Release|x64
		Release|x86 = Release|x86
	EndGlobalSection
	GlobalSection(ProjectConfigurationPlatforms) = postSolution
		{B6771429-A8DE-45BC-BCA1-0DAFB3D72C91}.Debug|x64.ActiveCfg = Debug|x64
		{B6771429-A8DE-45BC-BCA1-0DAFB3D72C91}.Debug|x64.Build.0 = Debug|x64
		{B6771429-A8DE-45BC-BCA1-0DAFB3D72C91}.Debug|x86.ActiveCfg = Debug|Win32
		{B6771429-A8DE-45BC-BCA1-0DAFB3D72C91}.Debug|x86.Build.0 = Debug|Win32
		{B6771429-A8DE-45BC-BCA1-0DAFB3D72C91}.Release|x64.ActiveCfg = Release|x64
		{B6771429-A8DE-45BC-BCA1-0DAFB3D72C91}.Release|x64.Build.0 = Release|x64
		{B6771429-A8DE-45BC-BCA1-0DAFB3D72C91}.Release|x86.ActiveCfg = Release|Win32
		{B6771429-A8DE-45BC-BCA1-0DAFB3D72C91}.Release|x86.Build.0 = Release|Win32
	EndGlobalSection
	GlobalSection(SolutionProperties) = preSolution
		HideSolutionNode = FALSE
	EndGlobalSection
	GlobalSection(ExtensibilityGlobals) = postSolution
		SolutionGuid = {2400E821-EC97-4D43-84B4-FCA61F7A72EA}
	EndGlobalSection
EndGlobal
